
Microsoft Visual Studio Solution File, Format Version 12.00
# Visual Studio Version 16
VisualStudioVersion = 16.0.30717.126
MinimumVisualStudioVersion = 10.0.40219.1
Project("{FAE04EC0-301F-11D3-BF4B-00C04F79EFBC}") = "EcoNextFoodPlugin", "NextFood\EcoNextFoodPlugin.csproj", "{D507C58B-DC0E-41D1-AA19-F58DF0D926E5}"
EndProject
Global
	GlobalSection(SolutionConfigurationPlatforms) = preSolution
		Debug|Any CPU = Debug|Any CPU
		Release|Any CPU = Release|Any CPU
	EndGlobalSection
	GlobalSection(ProjectConfigurationPlatforms) = postSolution
		{D507C58B-DC0E-41D1-AA19-F58DF0D926E5}.Debug|Any CPU.ActiveCfg = Debug|Any CPU
		{D507C58B-DC0E-41D1-AA19-F58DF0D926E5}.Debug|Any CPU.Build.0 = Debug|Any CPU
		{D507C58B-DC0E-41D1-AA19-F58DF0D926E5}.Release|Any CPU.ActiveCfg = Release|Any CPU
		{D507C58B-DC0E-41D1-AA19-F58DF0D926E5}.Release|Any CPU.Build.0 = Release|Any CPU
	EndGlobalSection
	GlobalSection(SolutionProperties) = preSolution
		HideSolutionNode = FALSE
	EndGlobalSection
	GlobalSection(ExtensibilityGlobals) = postSolution
		SolutionGuid = {6539d750-32e5-444a-a841-fbdb18b91f86}
	EndGlobalSection
EndGlobal
